// !$*UTF8*$!
{
	archiveVersion = 1;
	classes = {
	};
	objectVersion = 50;
	objects = {

/* Begin PBXBuildFile section */
		5B3D662C21C73DE400AAC1FB /* AppDelegate.swift in Sources */ = {isa = PBXBuildFile; fileRef = 5B3D662B21C73DE400AAC1FB /* AppDelegate.swift */; };
		5B3D662E21C73DE400AAC1FB /* HomeController.swift in Sources */ = {isa = PBXBuildFile; fileRef = 5B3D662D21C73DE400AAC1FB /* HomeController.swift */; };
		5B3D663121C73DE400AAC1FB /* Main.storyboard in Resources */ = {isa = PBXBuildFile; fileRef = 5B3D662F21C73DE400AAC1FB /* Main.storyboard */; };
		5B3D663321C73DE600AAC1FB /* Assets.xcassets in Resources */ = {isa = PBXBuildFile; fileRef = 5B3D663221C73DE600AAC1FB /* Assets.xcassets */; };
		5B3D663621C73DE600AAC1FB /* LaunchScreen.storyboard in Resources */ = {isa = PBXBuildFile; fileRef = 5B3D663421C73DE600AAC1FB /* LaunchScreen.storyboard */; };
		5B3D663E21C7435200AAC1FB /* ViewsExtentions.swift in Sources */ = {isa = PBXBuildFile; fileRef = 5B3D663D21C7435200AAC1FB /* ViewsExtentions.swift */; };
		5B3D664221C749D800AAC1FB /* HomeBottomControlsStackView.swift in Sources */ = {isa = PBXBuildFile; fileRef = 5B3D664121C749D800AAC1FB /* HomeBottomControlsStackView.swift */; };
		5B3D664421C74C5300AAC1FB /* HomeTopControlsStackView.swift in Sources */ = {isa = PBXBuildFile; fileRef = 5B3D664321C74C5300AAC1FB /* HomeTopControlsStackView.swift */; };
		5B3D664621C7522600AAC1FB /* CardView.swift in Sources */ = {isa = PBXBuildFile; fileRef = 5B3D664521C7522600AAC1FB /* CardView.swift */; };
		5B3D664921C761BB00AAC1FB /* User.swift in Sources */ = {isa = PBXBuildFile; fileRef = 5B3D664821C761BB00AAC1FB /* User.swift */; };
		5B3D664D21C76A6500AAC1FB /* CardViewModel.swift in Sources */ = {isa = PBXBuildFile; fileRef = 5B3D664C21C76A6500AAC1FB /* CardViewModel.swift */; };
		5B3D664F21C7748E00AAC1FB /* Advertiser.swift in Sources */ = {isa = PBXBuildFile; fileRef = 5B3D664E21C7748E00AAC1FB /* Advertiser.swift */; };
/* End PBXBuildFile section */

/* Begin PBXFileReference section */
		5B3D662821C73DE400AAC1FB /* NewTinder.app */ = {isa = PBXFileReference; explicitFileType = wrapper.application; includeInIndex = 0; path = NewTinder.app; sourceTree = BUILT_PRODUCTS_DIR; };
		5B3D662B21C73DE400AAC1FB /* AppDelegate.swift */ = {isa = PBXFileReference; lastKnownFileType = sourcecode.swift; path = AppDelegate.swift; sourceTree = "<group>"; };
		5B3D662D21C73DE400AAC1FB /* HomeController.swift */ = {isa = PBXFileReference; lastKnownFileType = sourcecode.swift; path = HomeController.swift; sourceTree = "<group>"; };
		5B3D663021C73DE400AAC1FB /* Base */ = {isa = PBXFileReference; lastKnownFileType = file.storyboard; name = Base; path = Base.lproj/Main.storyboard; sourceTree = "<group>"; };
		5B3D663221C73DE600AAC1FB /* Assets.xcassets */ = {isa = PBXFileReference; lastKnownFileType = folder.assetcatalog; path = Assets.xcassets; sourceTree = "<group>"; };
		5B3D663521C73DE600AAC1FB /* Base */ = {isa = PBXFileReference; lastKnownFileType = file.storyboard; name = Base; path = Base.lproj/LaunchScreen.storyboard; sourceTree = "<group>"; };
		5B3D663721C73DE600AAC1FB /* Info.plist */ = {isa = PBXFileReference; lastKnownFileType = text.plist.xml; path = Info.plist; sourceTree = "<group>"; };
		5B3D663D21C7435200AAC1FB /* ViewsExtentions.swift */ = {isa = PBXFileReference; lastKnownFileType = sourcecode.swift; path = ViewsExtentions.swift; sourceTree = "<group>"; };
		5B3D664121C749D800AAC1FB /* HomeBottomControlsStackView.swift */ = {isa = PBXFileReference; lastKnownFileType = sourcecode.swift; path = HomeBottomControlsStackView.swift; sourceTree = "<group>"; };
		5B3D664321C74C5300AAC1FB /* HomeTopControlsStackView.swift */ = {isa = PBXFileReference; lastKnownFileType = sourcecode.swift; path = HomeTopControlsStackView.swift; sourceTree = "<group>"; };
		5B3D664521C7522600AAC1FB /* CardView.swift */ = {isa = PBXFileReference; lastKnownFileType = sourcecode.swift; path = CardView.swift; sourceTree = "<group>"; };
		5B3D664821C761BB00AAC1FB /* User.swift */ = {isa = PBXFileReference; lastKnownFileType = sourcecode.swift; path = User.swift; sourceTree = "<group>"; };
		5B3D664C21C76A6500AAC1FB /* CardViewModel.swift */ = {isa = PBXFileReference; lastKnownFileType = sourcecode.swift; path = CardViewModel.swift; sourceTree = "<group>"; };
		5B3D664E21C7748E00AAC1FB /* Advertiser.swift */ = {isa = PBXFileReference; lastKnownFileType = sourcecode.swift; path = Advertiser.swift; sourceTree = "<group>"; };
/* End PBXFileReference section */

/* Begin PBXFrameworksBuildPhase section */
		5B3D662521C73DE400AAC1FB /* Frameworks */ = {
			isa = PBXFrameworksBuildPhase;
			buildActionMask = 2147483647;
			files = (
			);
			runOnlyForDeploymentPostprocessing = 0;
		};
/* End PBXFrameworksBuildPhase section */

/* Begin PBXGroup section */
		5B3D661F21C73DE400AAC1FB = {
			isa = PBXGroup;
			children = (
				5B3D662A21C73DE400AAC1FB /* NewTinder */,
				5B3D662921C73DE400AAC1FB /* Products */,
			);
			sourceTree = "<group>";
		};
		5B3D662921C73DE400AAC1FB /* Products */ = {
			isa = PBXGroup;
			children = (
				5B3D662821C73DE400AAC1FB /* NewTinder.app */,
			);
			name = Products;
			sourceTree = "<group>";
		};
		5B3D662A21C73DE400AAC1FB /* NewTinder */ = {
			isa = PBXGroup;
			children = (
				5B3D664B21C76A4500AAC1FB /* ViewModels */,
				5B3D664721C761AA00AAC1FB /* Model */,
				5B3D664021C749AE00AAC1FB /* Views */,
				5B3D664A21C7692C00AAC1FB /* Controllers */,
				5B3D663F21C7435F00AAC1FB /* View.Extentions */,
				5B3D662B21C73DE400AAC1FB /* AppDelegate.swift */,
				5B3D662F21C73DE400AAC1FB /* Main.storyboard */,
				5B3D663221C73DE600AAC1FB /* Assets.xcassets */,
				5B3D663421C73DE600AAC1FB /* LaunchScreen.storyboard */,
				5B3D663721C73DE600AAC1FB /* Info.plist */,
			);
			path = NewTinder;
			sourceTree = "<group>";
		};
		5B3D663F21C7435F00AAC1FB /* View.Extentions */ = {
			isa = PBXGroup;
			children = (
				5B3D663D21C7435200AAC1FB /* ViewsExtentions.swift */,
			);
			path = View.Extentions;
			sourceTree = "<group>";
		};
		5B3D664021C749AE00AAC1FB /* Views */ = {
			isa = PBXGroup;
			children = (
				5B3D664121C749D800AAC1FB /* HomeBottomControlsStackView.swift */,
				5B3D664321C74C5300AAC1FB /* HomeTopControlsStackView.swift */,
				5B3D664521C7522600AAC1FB /* CardView.swift */,
			);
			path = Views;
			sourceTree = "<group>";
		};
		5B3D664721C761AA00AAC1FB /* Model */ = {
			isa = PBXGroup;
			children = (
				5B3D664821C761BB00AAC1FB /* User.swift */,
				5B3D664E21C7748E00AAC1FB /* Advertiser.swift */,
			);
			path = Model;
			sourceTree = "<group>";
		};
		5B3D664A21C7692C00AAC1FB /* Controllers */ = {
			isa = PBXGroup;
			children = (
				5B3D662D21C73DE400AAC1FB /* HomeController.swift */,
			);
			path = Controllers;
			sourceTree = "<group>";
		};
		5B3D664B21C76A4500AAC1FB /* ViewModels */ = {
			isa = PBXGroup;
			children = (
				5B3D664C21C76A6500AAC1FB /* CardViewModel.swift */,
			);
			path = ViewModels;
			sourceTree = "<group>";
		};
/* End PBXGroup section */

/* Begin PBXNativeTarget section */
		5B3D662721C73DE400AAC1FB /* NewTinder */ = {
			isa = PBXNativeTarget;
			buildConfigurationList = 5B3D663A21C73DE600AAC1FB /* Build configuration list for PBXNativeTarget "NewTinder" */;
			buildPhases = (
				5B3D662421C73DE400AAC1FB /* Sources */,
				5B3D662521C73DE400AAC1FB /* Frameworks */,
				5B3D662621C73DE400AAC1FB /* Resources */,
			);
			buildRules = (
			);
			dependencies = (
			);
			name = NewTinder;
			productName = NewTinder;
			productReference = 5B3D662821C73DE400AAC1FB /* NewTinder.app */;
			productType = "com.apple.product-type.application";
		};
/* End PBXNativeTarget section */

/* Begin PBXProject section */
		5B3D662021C73DE400AAC1FB /* Project object */ = {
			isa = PBXProject;
			attributes = {
				LastSwiftUpdateCheck = 1010;
				LastUpgradeCheck = 1010;
				ORGANIZATIONNAME = "Martin Gallardo";
				TargetAttributes = {
					5B3D662721C73DE400AAC1FB = {
						CreatedOnToolsVersion = 10.1;
					};
				};
			};
			buildConfigurationList = 5B3D662321C73DE400AAC1FB /* Build configuration list for PBXProject "NewTinder" */;
			compatibilityVersion = "Xcode 9.3";
			developmentRegion = en;
			hasScannedForEncodings = 0;
			knownRegions = (
				en,
				Base,
			);
			mainGroup = 5B3D661F21C73DE400AAC1FB;
			productRefGroup = 5B3D662921C73DE400AAC1FB /* Products */;
			projectDirPath = "";
			projectRoot = "";
			targets = (
				5B3D662721C73DE400AAC1FB /* NewTinder */,
			);
		};
/* End PBXProject section */

/* Begin PBXResourcesBuildPhase section */
		5B3D662621C73DE400AAC1FB /* Resources */ = {
			isa = PBXResourcesBuildPhase;
			buildActionMask = 2147483647;
			files = (
				5B3D663621C73DE600AAC1FB /* LaunchScreen.storyboard in Resources */,
				5B3D663321C73DE600AAC1FB /* Assets.xcassets in Resources */,
				5B3D663121C73DE400AAC1FB /* Main.storyboard in Resources */,
			);
			runOnlyForDeploymentPostprocessing = 0;
		};
/* End PBXResourcesBuildPhase section */

/* Begin PBXSourcesBuildPhase section */
		5B3D662421C73DE400AAC1FB /* Sources */ = {
			isa = PBXSourcesBuildPhase;
			buildActionMask = 2147483647;
			files = (
				5B3D663E21C7435200AAC1FB /* ViewsExtentions.swift in Sources */,
				5B3D664221C749D800AAC1FB /* HomeBottomControlsStackView.swift in Sources */,
				5B3D664F21C7748E00AAC1FB /* Advertiser.swift in Sources */,
				5B3D664421C74C5300AAC1FB /* HomeTopControlsStackView.swift in Sources */,
				5B3D662E21C73DE400AAC1FB /* HomeController.swift in Sources */,
				5B3D664D21C76A6500AAC1FB /* CardViewModel.swift in Sources */,
				5B3D664621C7522600AAC1FB /* CardView.swift in Sources */,
				5B3D662C21C73DE400AAC1FB /* AppDelegate.swift in Sources */,
				5B3D664921C761BB00AAC1FB /* User.swift in Sources */,
			);
			runOnlyForDeploymentPostprocessing = 0;
		};
/* End PBXSourcesBuildPhase section */

/* Begin PBXVariantGroup section */
		5B3D662F21C73DE400AAC1FB /* Main.storyboard */ = {
			isa = PBXVariantGroup;
			children = (
				5B3D663021C73DE400AAC1FB /* Base */,
			);
			name = Main.storyboard;
			sourceTree = "<group>";
		};
		5B3D663421C73DE600AAC1FB /* LaunchScreen.storyboard */ = {
			isa = PBXVariantGroup;
			children = (
				5B3D663521C73DE600AAC1FB /* Base */,
			);
			name = LaunchScreen.storyboard;
			sourceTree = "<group>";
		};
/* End PBXVariantGroup section */

/* Begin XCBuildConfiguration section */
		5B3D663821C73DE600AAC1FB /* Debug */ = {
			isa = XCBuildConfiguration;
			buildSettings = {
				ALWAYS_SEARCH_USER_PATHS = NO;
				CLANG_ANALYZER_NONNULL = YES;
				CLANG_ANALYZER_NUMBER_OBJECT_CONVERSION = YES_AGGRESSIVE;
				CLANG_CXX_LANGUAGE_STANDARD = "gnu++14";
				CLANG_CXX_LIBRARY = "libc++";
				CLANG_ENABLE_MODULES = YES;
				CLANG_ENABLE_OBJC_ARC = YES;
				CLANG_ENABLE_OBJC_WEAK = YES;
				CLANG_WARN_BLOCK_CAPTURE_AUTORELEASING = YES;
				CLANG_WARN_BOOL_CONVERSION = YES;
				CLANG_WARN_COMMA = YES;
				CLANG_WARN_CONSTANT_CONVERSION = YES;
				CLANG_WARN_DEPRECATED_OBJC_IMPLEMENTATIONS = YES;
				CLANG_WARN_DIRECT_OBJC_ISA_USAGE = YES_ERROR;
				CLANG_WARN_DOCUMENTATION_COMMENTS = YES;
				CLANG_WARN_EMPTY_BODY = YES;
				CLANG_WARN_ENUM_CONVERSION = YES;
				CLANG_WARN_INFINITE_RECURSION = YES;
				CLANG_WARN_INT_CONVERSION = YES;
				CLANG_WARN_NON_LITERAL_NULL_CONVERSION = YES;
				CLANG_WARN_OBJC_IMPLICIT_RETAIN_SELF = YES;
				CLANG_WARN_OBJC_LITERAL_CONVERSION = YES;
				CLANG_WARN_OBJC_ROOT_CLASS = YES_ERROR;
				CLANG_WARN_RANGE_LOOP_ANALYSIS = YES;
				CLANG_WARN_STRICT_PROTOTYPES = YES;
				CLANG_WARN_SUSPICIOUS_MOVE = YES;
				CLANG_WARN_UNGUARDED_AVAILABILITY = YES_AGGRESSIVE;
				CLANG_WARN_UNREACHABLE_CODE = YES;
				CLANG_WARN__DUPLICATE_METHOD_MATCH = YES;
				CODE_SIGN_IDENTITY = "iPhone Developer";
				COPY_PHASE_STRIP = NO;
				DEBUG_INFORMATION_FORMAT = dwarf;
				ENABLE_STRICT_OBJC_MSGSEND = YES;
				ENABLE_TESTABILITY = YES;
				GCC_C_LANGUAGE_STANDARD = gnu11;
				GCC_DYNAMIC_NO_PIC = NO;
				GCC_NO_COMMON_BLOCKS = YES;
				GCC_OPTIMIZATION_LEVEL = 0;
				GCC_PREPROCESSOR_DEFINITIONS = (
					"DEBUG=1",
					"$(inherited)",
				);
				GCC_WARN_64_TO_32_BIT_CONVERSION = YES;
				GCC_WARN_ABOUT_RETURN_TYPE = YES_ERROR;
				GCC_WARN_UNDECLARED_SELECTOR = YES;
				GCC_WARN_UNINITIALIZED_AUTOS = YES_AGGRESSIVE;
				GCC_WARN_UNUSED_FUNCTION = YES;
				GCC_WARN_UNUSED_VARIABLE = YES;
				IPHONEOS_DEPLOYMENT_TARGET = 12.1;
				MTL_ENABLE_DEBUG_INFO = INCLUDE_SOURCE;
				MTL_FAST_MATH = YES;
				ONLY_ACTIVE_ARCH = YES;
				SDKROOT = iphoneos;
				SWIFT_ACTIVE_COMPILATION_CONDITIONS = DEBUG;
				SWIFT_OPTIMIZATION_LEVEL = "-Onone";
			};
			name = Debug;
		};
		5B3D663921C73DE600AAC1FB /* Release */ = {
			isa = XCBuildConfiguration;
			buildSettings = {
				ALWAYS_SEARCH_USER_PATHS = NO;
				CLANG_ANALYZER_NONNULL = YES;
				CLANG_ANALYZER_NUMBER_OBJECT_CONVERSION = YES_AGGRESSIVE;
				CLANG_CXX_LANGUAGE_STANDARD = "gnu++14";
				CLANG_CXX_LIBRARY = "libc++";
				CLANG_ENABLE_MODULES = YES;
				CLANG_ENABLE_OBJC_ARC = YES;
				CLANG_ENABLE_OBJC_WEAK = YES;
				CLANG_WARN_BLOCK_CAPTURE_AUTORELEASING = YES;
				CLANG_WARN_BOOL_CONVERSION = YES;
				CLANG_WARN_COMMA = YES;
				CLANG_WARN_CONSTANT_CONVERSION = YES;
				CLANG_WARN_DEPRECATED_OBJC_IMPLEMENTATIONS = YES;
				CLANG_WARN_DIRECT_OBJC_ISA_USAGE = YES_ERROR;
				CLANG_WARN_DOCUMENTATION_COMMENTS = YES;
				CLANG_WARN_EMPTY_BODY = YES;
				CLANG_WARN_ENUM_CONVERSION = YES;
				CLANG_WARN_INFINITE_RECURSION = YES;
				CLANG_WARN_INT_CONVERSION = YES;
				CLANG_WARN_NON_LITERAL_NULL_CONVERSION = YES;
				CLANG_WARN_OBJC_IMPLICIT_RETAIN_SELF = YES;
				CLANG_WARN_OBJC_LITERAL_CONVERSION = YES;
				CLANG_WARN_OBJC_ROOT_CLASS = YES_ERROR;
				CLANG_WARN_RANGE_LOOP_ANALYSIS = YES;
				CLANG_WARN_STRICT_PROTOTYPES = YES;
				CLANG_WARN_SUSPICIOUS_MOVE = YES;
				CLANG_WARN_UNGUARDED_AVAILABILITY = YES_AGGRESSIVE;
				CLANG_WARN_UNREACHABLE_CODE = YES;
				CLANG_WARN__DUPLICATE_METHOD_MATCH = YES;
				CODE_SIGN_IDENTITY = "iPhone Developer";
				COPY_PHASE_STRIP = NO;
				DEBUG_INFORMATION_FORMAT = "dwarf-with-dsym";
				ENABLE_NS_ASSERTIONS = NO;
				ENABLE_STRICT_OBJC_MSGSEND = YES;
				GCC_C_LANGUAGE_STANDARD = gnu11;
				GCC_NO_COMMON_BLOCKS = YES;
				GCC_WARN_64_TO_32_BIT_CONVERSION = YES;
				GCC_WARN_ABOUT_RETURN_TYPE = YES_ERROR;
				GCC_WARN_UNDECLARED_SELECTOR = YES;
				GCC_WARN_UNINITIALIZED_AUTOS = YES_AGGRESSIVE;
				GCC_WARN_UNUSED_FUNCTION = YES;
				GCC_WARN_UNUSED_VARIABLE = YES;
				IPHONEOS_DEPLOYMENT_TARGET = 12.1;
				MTL_ENABLE_DEBUG_INFO = NO;
				MTL_FAST_MATH = YES;
				SDKROOT = iphoneos;
				SWIFT_COMPILATION_MODE = wholemodule;
				SWIFT_OPTIMIZATION_LEVEL = "-O";
				VALIDATE_PRODUCT = YES;
			};
			name = Release;
		};
		5B3D663B21C73DE600AAC1FB /* Debug */ = {
			isa = XCBuildConfiguration;
			buildSettings = {
				ASSETCATALOG_COMPILER_APPICON_NAME = AppIcon;
				CODE_SIGN_STYLE = Automatic;
				DEVELOPMENT_TEAM = ZC9C9YXV9Z;
				INFOPLIST_FILE = NewTinder/Info.plist;
				LD_RUNPATH_SEARCH_PATHS = (
					"$(inherited)",
					"@executable_path/Frameworks",
				);
				PRODUCT_BUNDLE_IDENTIFIER = com.CoolDevelopers.NewTinder;
				PRODUCT_NAME = "$(TARGET_NAME)";
				SWIFT_VERSION = 4.2;
				TARGETED_DEVICE_FAMILY = "1,2";
			};
			name = Debug;
		};
		5B3D663C21C73DE600AAC1FB /* Release */ = {
			isa = XCBuildConfiguration;
			buildSettings = {
				ASSETCATALOG_COMPILER_APPICON_NAME = AppIcon;
				CODE_SIGN_STYLE = Automatic;
				DEVELOPMENT_TEAM = ZC9C9YXV9Z;
				INFOPLIST_FILE = NewTinder/Info.plist;
				LD_RUNPATH_SEARCH_PATHS = (
					"$(inherited)",
					"@executable_path/Frameworks",
				);
				PRODUCT_BUNDLE_IDENTIFIER = com.CoolDevelopers.NewTinder;
				PRODUCT_NAME = "$(TARGET_NAME)";
				SWIFT_VERSION = 4.2;
				TARGETED_DEVICE_FAMILY = "1,2";
			};
			name = Release;
		};
/* End XCBuildConfiguration section */

/* Begin XCConfigurationList section */
		5B3D662321C73DE400AAC1FB /* Build configuration list for PBXProject "NewTinder" */ = {
			isa = XCConfigurationList;
			buildConfigurations = (
				5B3D663821C73DE600AAC1FB /* Debug */,
				5B3D663921C73DE600AAC1FB /* Release */,
			);
			defaultConfigurationIsVisible = 0;
			defaultConfigurationName = Release;
		};
		5B3D663A21C73DE600AAC1FB /* Build configuration list for PBXNativeTarget "NewTinder" */ = {
			isa = XCConfigurationList;
			buildConfigurations = (
				5B3D663B21C73DE600AAC1FB /* Debug */,
				5B3D663C21C73DE600AAC1FB /* Release */,
			);
			defaultConfigurationIsVisible = 0;
			defaultConfigurationName = Release;
		};
/* End XCConfigurationList section */
	};
	rootObject = 5B3D662021C73DE400AAC1FB /* Project object */;
}
